
Microsoft Visual Studio Solution File, Format Version 12.00
# Visual Studio Version 17
VisualStudioVersion = 17.10.35027.167
MinimumVisualStudioVersion = 10.0.40219.1
Project("{9A19103F-16F7-4668-BE54-9A1E7A4F7556}") = "Hotel.UI", "Hotel.UI\Hotel.UI.csproj", "{8DB8F3CD-4BC9-4A1C-8914-A76FE2E3964E}"
EndProject
Project("{9A19103F-16F7-4668-BE54-9A1E7A4F7556}") = "Hotel.FakeData", "Hotel.FakeData\Hotel.FakeData.csproj", "{C670BA01-FE32-44BB-90A3-0355E8F20FCA}"
EndProject
Global
	GlobalSection(SolutionConfigurationPlatforms) = preSolution
		Debug|Any CPU = Debug|Any CPU
		Release|Any CPU = Release|Any CPU
	EndGlobalSection
	GlobalSection(ProjectConfigurationPlatforms) = postSolution
		{8DB8F3CD-4BC9-4A1C-8914-A76FE2E3964E}.Debug|Any CPU.ActiveCfg = Debug|Any CPU
		{8DB8F3CD-4BC9-4A1C-8914-A76FE2E3964E}.Debug|Any CPU.Build.0 = Debug|Any CPU
		{8DB8F3CD-4BC9-4A1C-8914-A76FE2E3964E}.Release|Any CPU.ActiveCfg = Release|Any CPU
		{8DB8F3CD-4BC9-4A1C-8914-A76FE2E3964E}.Release|Any CPU.Build.0 = Release|Any CPU
		{C670BA01-FE32-44BB-90A3-0355E8F20FCA}.Debug|Any CPU.ActiveCfg = Debug|Any CPU
		{C670BA01-FE32-44BB-90A3-0355E8F20FCA}.Debug|Any CPU.Build.0 = Debug|Any CPU
		{C670BA01-FE32-44BB-90A3-0355E8F20FCA}.Release|Any CPU.ActiveCfg = Release|Any CPU
		{C670BA01-FE32-44BB-90A3-0355E8F20FCA}.Release|Any CPU.Build.0 = Release|Any CPU
	EndGlobalSection
	GlobalSection(SolutionProperties) = preSolution
		HideSolutionNode = FALSE
	EndGlobalSection
	GlobalSection(ExtensibilityGlobals) = postSolution
		SolutionGuid = {3B0B03FB-D305-465B-B252-BFFDBABC8C73}
	EndGlobalSection
EndGlobal
